
Microsoft Visual Studio Solution File, Format Version 12.00
# Visual Studio Version 16
VisualStudioVersion = 16.0.31410.357
MinimumVisualStudioVersion = 10.0.40219.1
Project("{FAE04EC0-301F-11D3-BF4B-00C04F79EFBC}") = "WebApi", "WebApi\WebApi.csproj", "{3828E77B-0822-45FB-A01F-BFEC0FF2459D}"
EndProject
Project("{2150E333-8FDC-42A3-9474-1A3956D46DE8}") = "Api", "Api", "{A8048623-D631-4115-B146-B4CC038DA4B3}"
EndProject
Project("{2150E333-8FDC-42A3-9474-1A3956D46DE8}") = "Domain", "Domain", "{678D0A78-8184-4DFE-8175-8B2082C5737E}"
EndProject
Project("{2150E333-8FDC-42A3-9474-1A3956D46DE8}") = "Infraestructure", "Infraestructure", "{F32AC5A0-2792-4ABC-A586-E2EBE3A78F97}"
EndProject
Project("{2150E333-8FDC-42A3-9474-1A3956D46DE8}") = "Persistence", "Persistence", "{17C72FE6-5D53-4111-B3C2-B21CA5C5B246}"
EndProject
Project("{FAE04EC0-301F-11D3-BF4B-00C04F79EFBC}") = "ServicesSite.Domain", "ServicesSite.Domain\ServicesSite.Domain.csproj", "{D3A3FBB9-31E8-4B99-ADBC-FBD1CACCDE46}"
EndProject
Project("{FAE04EC0-301F-11D3-BF4B-00C04F79EFBC}") = "ServicesSite.Infraestructure", "ServicesSite.Infraestructure\ServicesSite.Infraestructure.csproj", "{EA426283-9657-4430-A5D7-9792CBFB1CC1}"
EndProject
Project("{FAE04EC0-301F-11D3-BF4B-00C04F79EFBC}") = "ServiceSite.Persistence", "ServiceSite.Persistence\ServiceSite.Persistence.csproj", "{68334B86-F6FD-4525-AEFF-523AC5F66630}"
EndProject
Global
	GlobalSection(SolutionConfigurationPlatforms) = preSolution
		Debug|Any CPU = Debug|Any CPU
		Release|Any CPU = Release|Any CPU
	EndGlobalSection
	GlobalSection(ProjectConfigurationPlatforms) = postSolution
		{3828E77B-0822-45FB-A01F-BFEC0FF2459D}.Debug|Any CPU.ActiveCfg = Debug|Any CPU
		{3828E77B-0822-45FB-A01F-BFEC0FF2459D}.Debug|Any CPU.Build.0 = Debug|Any CPU
		{3828E77B-0822-45FB-A01F-BFEC0FF2459D}.Release|Any CPU.ActiveCfg = Release|Any CPU
		{3828E77B-0822-45FB-A01F-BFEC0FF2459D}.Release|Any CPU.Build.0 = Release|Any CPU
		{D3A3FBB9-31E8-4B99-ADBC-FBD1CACCDE46}.Debug|Any CPU.ActiveCfg = Debug|Any CPU
		{D3A3FBB9-31E8-4B99-ADBC-FBD1CACCDE46}.Debug|Any CPU.Build.0 = Debug|Any CPU
		{D3A3FBB9-31E8-4B99-ADBC-FBD1CACCDE46}.Release|Any CPU.ActiveCfg = Release|Any CPU
		{D3A3FBB9-31E8-4B99-ADBC-FBD1CACCDE46}.Release|Any CPU.Build.0 = Release|Any CPU
		{EA426283-9657-4430-A5D7-9792CBFB1CC1}.Debug|Any CPU.ActiveCfg = Debug|Any CPU
		{EA426283-9657-4430-A5D7-9792CBFB1CC1}.Debug|Any CPU.Build.0 = Debug|Any CPU
		{EA426283-9657-4430-A5D7-9792CBFB1CC1}.Release|Any CPU.ActiveCfg = Release|Any CPU
		{EA426283-9657-4430-A5D7-9792CBFB1CC1}.Release|Any CPU.Build.0 = Release|Any CPU
		{68334B86-F6FD-4525-AEFF-523AC5F66630}.Debug|Any CPU.ActiveCfg = Debug|Any CPU
		{68334B86-F6FD-4525-AEFF-523AC5F66630}.Debug|Any CPU.Build.0 = Debug|Any CPU
		{68334B86-F6FD-4525-AEFF-523AC5F66630}.Release|Any CPU.ActiveCfg = Release|Any CPU
		{68334B86-F6FD-4525-AEFF-523AC5F66630}.Release|Any CPU.Build.0 = Release|Any CPU
	EndGlobalSection
	GlobalSection(SolutionProperties) = preSolution
		HideSolutionNode = FALSE
	EndGlobalSection
	GlobalSection(NestedProjects) = preSolution
		{3828E77B-0822-45FB-A01F-BFEC0FF2459D} = {A8048623-D631-4115-B146-B4CC038DA4B3}
		{D3A3FBB9-31E8-4B99-ADBC-FBD1CACCDE46} = {678D0A78-8184-4DFE-8175-8B2082C5737E}
		{EA426283-9657-4430-A5D7-9792CBFB1CC1} = {F32AC5A0-2792-4ABC-A586-E2EBE3A78F97}
		{68334B86-F6FD-4525-AEFF-523AC5F66630} = {17C72FE6-5D53-4111-B3C2-B21CA5C5B246}
	EndGlobalSection
	GlobalSection(ExtensibilityGlobals) = postSolution
		SolutionGuid = {2E17C4EB-817E-4E48-8730-FC366B2884B4}
	EndGlobalSection
EndGlobal
